# THIS IS AN AUTOGENERATED FILE. DO NOT EDIT THIS FILE DIRECTLY.
# yarn lockfile v1


"@11ty/dependency-tree-esm@^1.0.0":
  version "1.0.2"
  dependencies:
    "@11ty/eleventy-utils" "^1.0.3"
    acorn "^8.14.0"
    dependency-graph "^1.0.0"
    normalize-path "^3.0.0"

"@11ty/dependency-tree@^3.0.1":
  version "3.0.1"
  dependencies:
    "@11ty/eleventy-utils" "^1.0.2"

"@11ty/eleventy-dev-server@^2.0.4":
  version "2.0.7"
  dependencies:
    "@11ty/eleventy-utils" "^2.0.1"
    chokidar "^3.6.0"
    debug "^4.4.0"
    finalhandler "^1.3.1"
    mime "^3.0.0"
    minimist "^1.2.8"
    morphdom "^2.7.4"
    please-upgrade-node "^3.2.0"
    send "^1.1.0"
    ssri "^11.0.0"
    urlpattern-polyfill "^10.0.0"
    ws "^8.18.1"

"@11ty/eleventy-plugin-bundle@^3.0.0":
  version "3.0.1"
  dependencies:
    debug "^4.4.0"
    posthtml-match-helper "^2.0.3"

"@11ty/eleventy-utils@^1.0.2", "@11ty/eleventy-utils@^1.0.3":
  version "1.0.3"
  dependencies:
    normalize-path "^3.0.0"

"@11ty/eleventy-utils@^2.0.1":
  version "2.0.1"

"@11ty/eleventy@>=0.5.4":
  version "3.0.0"
  dependencies:
    "@11ty/dependency-tree" "^3.0.1"
    "@11ty/dependency-tree-esm" "^1.0.0"
    "@11ty/eleventy-dev-server" "^2.0.4"
    "@11ty/eleventy-plugin-bundle" "^3.0.0"
    "@11ty/eleventy-utils" "^1.0.3"
    "@11ty/lodash-custom" "^4.17.21"
    "@11ty/posthtml-urls" "^1.0.0"
    "@11ty/recursive-copy" "^3.0.0"
    "@sindresorhus/slugify" "^2.2.1"
    bcp-47-normalize "^2.3.0"
    chardet "^2.0.0"
    chokidar "^3.6.0"
    cross-spawn "^7.0.3"
    debug "^4.3.7"
    dependency-graph "^1.0.0"
    entities "^5.0.0"
    fast-glob "^3.3.2"
    filesize "^10.1.6"
    graceful-fs "^4.2.11"
    gray-matter "^4.0.3"
    is-glob "^4.0.3"
    iso-639-1 "^3.1.3"
    js-yaml "^4.1.0"
    kleur "^4.1.5"
    liquidjs "^10.17.0"
    luxon "^3.5.0"
    markdown-it "^14.1.0"
    micromatch "^4.0.8"
    minimist "^1.2.8"
    moo "^0.5.2"
    node-retrieve-globals "^6.0.0"
    normalize-path "^3.0.0"
    nunjucks "^3.2.4"
    please-upgrade-node "^3.2.0"
    posthtml "^0.16.6"
    posthtml-match-helper "^2.0.2"
    semver "^7.6.3"
    slugify "^1.6.6"

"@11ty/lodash-custom@^4.17.21":
  version "4.17.21"

"@11ty/posthtml-urls@^1.0.0":
  version "1.0.1"
  dependencies:
    evaluate-value "^2.0.0"
    http-equiv-refresh "^2.0.1"
    list-to-array "^1.1.0"
    parse-srcset "^1.0.2"

"@11ty/recursive-copy@^3.0.0":
  version "3.0.1"
  dependencies:
    errno "^0.1.2"
    graceful-fs "^4.2.11"
    junk "^1.0.1"
    maximatch "^0.1.0"
    mkdirp "^3.0.1"
    pify "^2.3.0"
    promise "^7.0.1"
    rimraf "^5.0.7"
    slash "^1.0.0"

"@colors/colors@^1.6.0", "@colors/colors@1.6.0":
  version "1.6.0"
  resolved "https://registry.npmjs.org/@colors/colors/-/colors-1.6.0.tgz"
  integrity sha512-Ir+AOibqzrIsL6ajt3Rz3LskB7OiMVHqltZmspbW/TJuTVuyOMirVqAkjfY6JISiLHgyNqicAC8AyHHGzNd/dA==

"@dabh/diagnostics@^2.0.2":
  version "2.0.3"
  resolved "https://registry.npmjs.org/@dabh/diagnostics/-/diagnostics-2.0.3.tgz"
  integrity sha512-hrlQOIi7hAfzsMqlGSFyVucrx38O+j6wiGOf//H2ecvIEqYN4ADBSS2iLMh5UFyDunCNniUIPk/q3riFv45xRA==
  dependencies:
    colorspace "1.1.x"
    enabled "2.0.x"
    kuler "^2.0.0"

"@isaacs/cliui@^8.0.2":
  version "8.0.2"
  resolved "https://registry.npmjs.org/@isaacs/cliui/-/cliui-8.0.2.tgz"
  integrity sha512-O8jcjabXaleOG9DQ0+ARXWZBTfnP4WNAqzuiJK7ll44AmxGKv/J2M4TPjxjY3znBCfvBXFzucm1twdyFybFqEA==
  dependencies:
    string-width "^5.1.2"
    string-width-cjs "npm:string-width@^4.2.0"
    strip-ansi "^7.0.1"
    strip-ansi-cjs "npm:strip-ansi@^6.0.1"
    wrap-ansi "^8.1.0"
    wrap-ansi-cjs "npm:wrap-ansi@^7.0.0"

"@nodelib/fs.scandir@2.1.5":
  version "2.1.5"
  dependencies:
    "@nodelib/fs.stat" "2.0.5"
    run-parallel "^1.1.9"

"@nodelib/fs.stat@^2.0.2", "@nodelib/fs.stat@2.0.5":
  version "2.0.5"

"@nodelib/fs.walk@^1.2.3":
  version "1.2.8"
  dependencies:
    "@nodelib/fs.scandir" "2.1.5"
    fastq "^1.6.0"

"@pkgjs/parseargs@^0.11.0":
  version "0.11.0"
  resolved "https://registry.npmjs.org/@pkgjs/parseargs/-/parseargs-0.11.0.tgz"
  integrity sha512-+1VkjdD0QBLPodGrJUeqarH8VAIvQODIbwh9XpP5Syisf7YoQgsJKPNFoqqLQlu+VQ/tVSshMR6loPMn8U+dPg==

"@resvg/resvg-js-linux-x64-gnu@2.6.2":
  version "2.6.2"
  resolved "https://registry.npmjs.org/@resvg/resvg-js-linux-x64-gnu/-/resvg-js-linux-x64-gnu-2.6.2.tgz"
  integrity sha512-IVUe+ckIerA7xMZ50duAZzwf1U7khQe2E0QpUxu5MBJNao5RqC0zwV/Zm965vw6D3gGFUl7j4m+oJjubBVoftw==

"@resvg/resvg-js@^2.6.0":
  version "2.6.2"
  resolved "https://registry.npmjs.org/@resvg/resvg-js/-/resvg-js-2.6.2.tgz"
  integrity sha512-xBaJish5OeGmniDj9cW5PRa/PtmuVU3ziqrbr5xJj901ZDN4TosrVaNZpEiLZAxdfnhAe7uQ7QFWfjPe9d9K2Q==
  optionalDependencies:
    "@resvg/resvg-js-android-arm-eabi" "2.6.2"
    "@resvg/resvg-js-android-arm64" "2.6.2"
    "@resvg/resvg-js-darwin-arm64" "2.6.2"
    "@resvg/resvg-js-darwin-x64" "2.6.2"
    "@resvg/resvg-js-linux-arm-gnueabihf" "2.6.2"
    "@resvg/resvg-js-linux-arm64-gnu" "2.6.2"
    "@resvg/resvg-js-linux-arm64-musl" "2.6.2"
    "@resvg/resvg-js-linux-x64-gnu" "2.6.2"
    "@resvg/resvg-js-linux-x64-musl" "2.6.2"
    "@resvg/resvg-js-win32-arm64-msvc" "2.6.2"
    "@resvg/resvg-js-win32-ia32-msvc" "2.6.2"
    "@resvg/resvg-js-win32-x64-msvc" "2.6.2"

"@sindresorhus/slugify@^2.2.1":
  version "2.2.1"
  dependencies:
    "@sindresorhus/transliterate" "^1.0.0"
    escape-string-regexp "^5.0.0"

"@sindresorhus/transliterate@^1.0.0":
  version "1.6.0"
  dependencies:
    escape-string-regexp "^5.0.0"

"@trysound/sax@0.2.0":
  version "0.2.0"
  resolved "https://registry.npmjs.org/@trysound/sax/-/sax-0.2.0.tgz"
  integrity sha512-L7z9BgrNEcYyUYtF+HaEfiS5ebkh9jXqbszz7pC0hRBPaatV0XjSD3+eHrpqFemQfgwiFF0QPIarnIihIDn7OA==

"@types/triple-beam@^1.3.2":
  version "1.3.5"
  resolved "https://registry.npmjs.org/@types/triple-beam/-/triple-beam-1.3.5.tgz"
  integrity sha512-6WaYesThRMCl19iryMYP7/x2OVgCtbIVflDGFpWnb9irXI3UjYE4AzmYuiUKY1AJstGijoY+MgUszMgRxIYTYw==

"@xmldom/xmldom@^0.8.10":
  version "0.8.10"
  resolved "https://registry.npmjs.org/@xmldom/xmldom/-/xmldom-0.8.10.tgz"
  integrity sha512-2WALfTl4xo2SkGCYRt6rDTFfk9R1czmBvUQy12gK2KuRKIpWEhcbbzy8EZXtz/jkRqHX8bFEc6FC1HjX4TUWYw==

a-sync-waterfall@^1.0.0:
  version "1.0.1"

acorn-walk@^8.3.2:
  version "8.3.4"
  dependencies:
    acorn "^8.11.0"

acorn@^8.1.3, acorn@^8.11.0, acorn@^8.11.2, acorn@^8.14.0:
  version "8.14.1"

ansi-regex@^5.0.1:
  version "5.0.1"
  resolved "https://registry.npmjs.org/ansi-regex/-/ansi-regex-5.0.1.tgz"
  integrity sha512-quJQXlTSUGL2LH9SUXo8VwsY4soanhgo6LNSm84E1LBcE8s3O0wpdiRzyR9z/ZZJMlMWv37qOOb9pdJlMUEKFQ==

ansi-regex@^6.0.1:
  version "6.0.1"

ansi-styles@^4.0.0:
  version "4.3.0"
  resolved "https://registry.npmjs.org/ansi-styles/-/ansi-styles-4.3.0.tgz"
  integrity sha512-zbB9rCJAT1rbjiVDb2hqKFHNYLxgtk8NURxZ3IZwD3F6NtxbXZQCnnSi1Lkx+IDohdPlFp222wVALIheZJQSEg==
  dependencies:
    color-convert "^2.0.1"

ansi-styles@^6.1.0:
  version "6.2.1"
  resolved "https://registry.npmjs.org/ansi-styles/-/ansi-styles-6.2.1.tgz"
  integrity sha512-bN798gFfQX+viw3R7yrGWRqnrN2oRkEkUjjl4JNn4E8GxxbjtG3FbrEIIY3l8/hrwUwIeCZvi4QuOTP4MErVug==

anymatch@~3.1.2:
  version "3.1.3"
  dependencies:
    normalize-path "^3.0.0"
    picomatch "^2.0.4"

argparse@^1.0.7:
  version "1.0.10"
  dependencies:
    sprintf-js "~1.0.2"

argparse@^2.0.1:
  version "2.0.1"
  resolved "https://registry.npmjs.org/argparse/-/argparse-2.0.1.tgz"
  integrity sha512-8+9WqebbFzpX9OR+Wa6O29asIogeRMzcGtAINdpMHHyAg10f05aSFVBbcEqGf/PXw1EjAZ+q2/bEBg3DvurK3Q==

array-differ@^1.0.0:
  version "1.0.0"

array-union@^1.0.1:
  version "1.0.2"
  dependencies:
    array-uniq "^1.0.1"

array-uniq@^1.0.1:
  version "1.0.3"

arrify@^1.0.0:
  version "1.0.1"

asap@^2.0.3, asap@~2.0.3:
  version "2.0.6"

async@^3.2.3, async@^3.2.5:
  version "3.2.6"
  resolved "https://registry.npmjs.org/async/-/async-3.2.6.tgz"
  integrity sha512-htCUDlxyyCLMgaM3xXg0C0LW2xqfuQ6p05pCEIsXuyQ+a1koYKTuBMzRNwmybfLgvJDMd0r1LTn4+E0Ti6C2AA==

balanced-match@^1.0.0:
  version "1.0.2"
  resolved "https://registry.npmjs.org/balanced-match/-/balanced-match-1.0.2.tgz"
  integrity sha512-3oSeUO0TMV67hN1AmbXsK4yaqU7tjiHlbxRDZOpH0KW9+CeX4bRAaX0Anxt0tx2MrpRpWwQaPwIlISEJhYU5Pw==

bcp-47-match@^2.0.0:
  version "2.0.3"

bcp-47-normalize@^2.3.0:
  version "2.3.0"
  dependencies:
    bcp-47 "^2.0.0"
    bcp-47-match "^2.0.0"

bcp-47@^2.0.0:
  version "2.1.0"
  dependencies:
    is-alphabetical "^2.0.0"
    is-alphanumerical "^2.0.0"
    is-decimal "^2.0.0"

binary-extensions@^2.0.0:
  version "2.3.0"

boolbase@^1.0.0:
  version "1.0.0"
  resolved "https://registry.npmjs.org/boolbase/-/boolbase-1.0.0.tgz"
  integrity sha512-JZOSA7Mo9sNGB8+UjSgzdLtokWAky1zbztM3WRLCbZ70/3cTANmQmOdR7y2g+J0e2WXywy1yS468tY+IruqEww==

brace-expansion@^1.1.7:
  version "1.1.11"
  resolved "https://registry.npmjs.org/brace-expansion/-/brace-expansion-1.1.11.tgz"
  integrity sha512-iCuPHDFgrHX7H2vEI/5xpz07zSHB00TpugqhmYtVmMO6518mCuRMoOYFldEBl0g187ufozdaHgWKcYFb61qGiA==
  dependencies:
    balanced-match "^1.0.0"
    concat-map "0.0.1"

brace-expansion@^2.0.1:
  version "2.0.1"
  resolved "https://registry.npmjs.org/brace-expansion/-/brace-expansion-2.0.1.tgz"
  integrity sha512-XnAIvQ8eM+kC6aULx6wuQiwVsnzsi9d3WxzV3FpWTGA19F621kwdbsAcFKXgKUHZWsy+mY6iL1sHTxWEFCytDA==
  dependencies:
    balanced-match "^1.0.0"

braces@^3.0.3, braces@~3.0.2:
  version "3.0.3"
  dependencies:
    fill-range "^7.1.1"

chardet@^2.0.0:
  version "2.1.0"

chokidar@^3.3.0, chokidar@^3.6.0:
  version "3.6.0"
  dependencies:
    anymatch "~3.1.2"
    braces "~3.0.2"
    glob-parent "~5.1.2"
    is-binary-path "~2.1.0"
    is-glob "~4.0.1"
    normalize-path "~3.0.0"
    readdirp "~3.6.0"
  optionalDependencies:
    fsevents "~2.3.2"

cliui@^8.0.1:
  version "8.0.1"
  resolved "https://registry.npmjs.org/cliui/-/cliui-8.0.1.tgz"
  integrity sha512-BSeNnyus75C4//NQ9gQt1/csTXyo/8Sb+afLAkzAptFuMsod9HFokGNudZpi/oQV73hnVK+sR+5PVRMd+Dr7YQ==
  dependencies:
    string-width "^4.2.0"
    strip-ansi "^6.0.1"
    wrap-ansi "^7.0.0"

clone-buffer@^1.0.0:
  version "1.0.0"
  resolved "https://registry.npmjs.org/clone-buffer/-/clone-buffer-1.0.0.tgz"
  integrity sha512-KLLTJWrvwIP+OPfMn0x2PheDEP20RPUcGXj/ERegTgdmPEZylALQldygiqrPPu8P45uNuPs7ckmReLY6v/iA5g==

clone-stats@^1.0.0:
  version "1.0.0"
  resolved "https://registry.npmjs.org/clone-stats/-/clone-stats-1.0.0.tgz"
  integrity sha512-au6ydSpg6nsrigcZ4m8Bc9hxjeW+GJ8xh5G3BJCMt4WXe1H10UNaVOamqQTmrx1kjVuxAHIQSNU6hY4Nsn9/ag==

clone@^2.1.1, clone@^2.1.2:
  version "2.1.2"
  resolved "https://registry.npmjs.org/clone/-/clone-2.1.2.tgz"
  integrity sha512-3Pe/CF1Nn94hyhIYpjtiLhdCoEoz0DqQ+988E9gmeEdQZlojxnOb74wctFyuwWQHzqyf9X7C7MG8juUpqBJT8w==

cloneable-readable@^1.0.0:
  version "1.1.3"
  resolved "https://registry.npmjs.org/cloneable-readable/-/cloneable-readable-1.1.3.tgz"
  integrity sha512-2EF8zTQOxYq70Y4XKtorQupqF0m49MBz2/yf5Bj+MHjvpG3Hy7sImifnqD6UA+TKYxeSV+u6qqQPawN5UvnpKQ==
  dependencies:
    inherits "^2.0.1"
    process-nextick-args "^2.0.0"
    readable-stream "^2.3.5"

color-convert@^1.9.3:
  version "1.9.3"
  resolved "https://registry.npmjs.org/color-convert/-/color-convert-1.9.3.tgz"
  integrity sha512-QfAUtd+vFdAtFQcC8CCyYt1fYWxSqAiK2cSD6zDB8N3cpsEBAvRxp9zOGg6G/SHHJYAT88/az/IuDGALsNVbGg==
  dependencies:
    color-name "1.1.3"

color-convert@^2.0.1:
  version "2.0.1"
  resolved "https://registry.npmjs.org/color-convert/-/color-convert-2.0.1.tgz"
  integrity sha512-RRECPsj7iu/xb5oKYcsFHSppFNnsj/52OVTRKb4zP5onXwVF3zVmmToNcOfGC+CRDpfK/U584fMg38ZHCaElKQ==
  dependencies:
    color-name "~1.1.4"

color-name@^1.0.0, color-name@1.1.3:
  version "1.1.3"
  resolved "https://registry.npmjs.org/color-name/-/color-name-1.1.3.tgz"
  integrity sha512-72fSenhMw2HZMTVHeCA9KCmpEIbzWiQsjN+BHcBbS9vr1mtt+vJjPdksIBNUmKAW8TFUDPJK5SUU3QhE9NEXDw==

color-name@~1.1.4:
  version "1.1.4"
  resolved "https://registry.npmjs.org/color-name/-/color-name-1.1.4.tgz"
  integrity sha512-dOy+3AuW3a2wNbZHIuMZpTcgjGuLU/uBL/ubcZF9OXbDo8ff4O8yVp5Bf0efS8uEoYo5q4Fx7dY9OgQGXgAsQA==

color-string@^1.6.0:
  version "1.9.1"
  resolved "https://registry.npmjs.org/color-string/-/color-string-1.9.1.tgz"
  integrity sha512-shrVawQFojnZv6xM40anx4CkoDP+fZsw/ZerEMsW/pyzsRbElpsL/DBVW7q3ExxwusdNXI3lXpuhEZkzs8p5Eg==
  dependencies:
    color-name "^1.0.0"
    simple-swizzle "^0.2.2"

color@^3.1.3:
  version "3.2.1"
  resolved "https://registry.npmjs.org/color/-/color-3.2.1.tgz"
  integrity sha512-aBl7dZI9ENN6fUGC7mWpMTPNHmWUSNan9tuWN6ahh5ZLNk9baLJOnSMlrQkHcrfFgz2/RigjUVAjdx36VcemKA==
  dependencies:
    color-convert "^1.9.3"
    color-string "^1.6.0"

colorspace@1.1.x:
  version "1.1.4"
  resolved "https://registry.npmjs.org/colorspace/-/colorspace-1.1.4.tgz"
  integrity sha512-BgvKJiuVu1igBUF2kEjRCZXol6wiiGbY5ipL/oVPwm0BL9sIpMIzM8IK7vwuxIIzOXMV3Ey5w+vxhm0rR/TN8w==
  dependencies:
    color "^3.1.3"
    text-hex "1.0.x"

commander@^10.0.0:
  version "10.0.1"

commander@^5.1.0:
  version "5.1.0"

commander@^7.2.0:
  version "7.2.0"
  resolved "https://registry.npmjs.org/commander/-/commander-7.2.0.tgz"
  integrity sha512-QrWXB+ZQSVPmIWIhtEO9H+gwHaMGYiF5ChvoJ+K9ZGHG/sVsa6yiesAD1GC/x46sET00Xlwo1u49RVVVzvcSkw==

concat-map@0.0.1:
  version "0.0.1"
  resolved "https://registry.npmjs.org/concat-map/-/concat-map-0.0.1.tgz"
  integrity sha512-/Srv4dswyQNBfohGpz9o6Yb3Gz3SrUDqBH5rTuhGR7ahtlbYKnVxw2bCFMRljaA7EXHaXZ8wsHdodFvbkhKmqg==

core-util-is@~1.0.0:
  version "1.0.3"
  resolved "https://registry.npmjs.org/core-util-is/-/core-util-is-1.0.3.tgz"
  integrity sha512-ZQBvi1DcpJ4GDqanjucZ2Hj3wEO5pZDS89BWbkcrvdxksJorwUDDZamX9ldFkp9aw2lmBDLgkObEA4DWNJ9FYQ==

cross-spawn@^7.0.0, cross-spawn@^7.0.3:
  version "7.0.6"
  dependencies:
    path-key "^3.1.0"
    shebang-command "^2.0.0"
    which "^2.0.1"

css-select@^4.1.3:
  version "4.3.0"
  resolved "https://registry.npmjs.org/css-select/-/css-select-4.3.0.tgz"
  integrity sha512-wPpOYtnsVontu2mODhA19JrqWxNsfdatRKd64kmpRbQgh1KtItko5sTnEpPdpSaJszTOhEMlF/RPz28qj4HqhQ==
  dependencies:
    boolbase "^1.0.0"
    css-what "^6.0.1"
    domhandler "^4.3.1"
    domutils "^2.8.0"
    nth-check "^2.0.1"

css-selector-parser@^1.4.1:
  version "1.4.1"
  resolved "https://registry.npmjs.org/css-selector-parser/-/css-selector-parser-1.4.1.tgz"
  integrity sha512-HYPSb7y/Z7BNDCOrakL4raGO2zltZkbeXyAd6Tg9obzix6QhzxCotdBl6VT0Dv4vZfJGVz3WL/xaEI9Ly3ul0g==

css-tree@^1.1.2, css-tree@^1.1.3:
  version "1.1.3"
  resolved "https://registry.npmjs.org/css-tree/-/css-tree-1.1.3.tgz"
  integrity sha512-tRpdppF7TRazZrjJ6v3stzv93qxRcSsFmW6cX0Zm2NVKpxE1WV1HblnghVv9TreireHkqI/VDEsfolRF1p6y7Q==
  dependencies:
    mdn-data "2.0.14"
    source-map "^0.6.1"

css-what@^6.0.1:
  version "6.1.0"
  resolved "https://registry.npmjs.org/css-what/-/css-what-6.1.0.tgz"
  integrity sha512-HTUrgRJ7r4dsZKU6GjmpfRK1O76h97Z8MfS1G0FozR+oF2kG6Vfe8JE6zwrkbxigziPHinCJ+gCPjA9EaBDtRw==

csso@^4.2.0:
  version "4.2.0"
  resolved "https://registry.npmjs.org/csso/-/csso-4.2.0.tgz"
  integrity sha512-wvlcdIbf6pwKEk7vHj8/Bkc0B4ylXZruLvOgs9doS5eOsOpuodOV2zJChSpkp+pRpYQLQMeF04nr3Z68Sta9jA==
  dependencies:
    css-tree "^1.1.2"

cssom@^0.5.0:
  version "0.5.0"
  resolved "https://registry.npmjs.org/cssom/-/cssom-0.5.0.tgz"
  integrity sha512-iKuQcq+NdHqlAcwUY0o/HL69XQrUaQdMjmStJ8JFmUaiiQErlhrmuigkg/CU4E2J0IyUKUrMAgl36TvN67MqTw==

debug@^4.3.5, debug@^4.3.7, debug@^4.4.0:
  version "4.4.0"
  dependencies:
    ms "^2.1.3"

debug@2.6.9:
  version "2.6.9"
  dependencies:
    ms "2.0.0"

depd@2.0.0:
  version "2.0.0"

dependency-graph@^1.0.0:
  version "1.0.0"

destroy@^1.2.0:
  version "1.2.0"

dom-serializer@^1.0.1:
  version "1.4.1"
  resolved "https://registry.npmjs.org/dom-serializer/-/dom-serializer-1.4.1.tgz"
  integrity sha512-VHwB3KfrcOOkelEG2ZOfxqLZdfkil8PtJi4P8N2MMXucZq2yLp75ClViUlOVwyoHEDjYU433Aq+5zWP61+RGag==
  dependencies:
    domelementtype "^2.0.1"
    domhandler "^4.2.0"
    entities "^2.0.0"

domelementtype@^2.0.1, domelementtype@^2.2.0:
  version "2.3.0"
  resolved "https://registry.npmjs.org/domelementtype/-/domelementtype-2.3.0.tgz"
  integrity sha512-OLETBj6w0OsagBwdXnPdN0cnMfF9opN69co+7ZrbfPGrdpPVNBUj02spi6B1N7wChLQiPn4CSH/zJvXw56gmHw==

domhandler@^4.2.0, domhandler@^4.2.2, domhandler@^4.3.1:
  version "4.3.1"
  resolved "https://registry.npmjs.org/domhandler/-/domhandler-4.3.1.tgz"
  integrity sha512-GrwoxYN+uWlzO8uhUXRl0P+kHE4GtVPfYzVLcUxPL7KNdHKj66vvlhiweIHqYYXWlw+T8iLMp42Lm67ghw4WMQ==
  dependencies:
    domelementtype "^2.2.0"

domutils@^2.8.0:
  version "2.8.0"
  resolved "https://registry.npmjs.org/domutils/-/domutils-2.8.0.tgz"
  integrity sha512-w96Cjofp72M5IIhpjgobBimYEfoPjx1Vx0BSX9P30WBdZW2WIKU0T1Bd0kz2eNZ9ikjKgHbEyKx8BB6H1L3h3A==
  dependencies:
    dom-serializer "^1.0.1"
    domelementtype "^2.2.0"
    domhandler "^4.2.0"

eastasianwidth@^0.2.0:
  version "0.2.0"
  resolved "https://registry.npmjs.org/eastasianwidth/-/eastasianwidth-0.2.0.tgz"
  integrity sha512-I88TYZWc9XiYHRQ4/3c5rjjfgkjhLyW2luGIheGERbNQ6OY7yTybanSpDXZa8y7VUP9YmDcYa+eyq4ca7iLqWA==

ee-first@1.1.1:
  version "1.1.1"

emoji-regex@^8.0.0:
  version "8.0.0"
  resolved "https://registry.npmjs.org/emoji-regex/-/emoji-regex-8.0.0.tgz"
  integrity sha512-MSjYzcWNOA0ewAHpz0MxpYFvwg6yjy1NG3xteoqz644VCo/RPgnr1/GGt+ic3iJTzQ8Eu3TdM14SawnVUmGE6A==

emoji-regex@^9.2.2:
  version "9.2.2"
  resolved "https://registry.npmjs.org/emoji-regex/-/emoji-regex-9.2.2.tgz"
  integrity sha512-L18DaJsXSUk2+42pv8mLs5jJT2hqFkFE4j21wOmgbUqsZ2hL72NsUU785g9RXgo3s0ZNgVl42TiHp3ZtOv/Vyg==

enabled@2.0.x:
  version "2.0.0"
  resolved "https://registry.npmjs.org/enabled/-/enabled-2.0.0.tgz"
  integrity sha512-AKrN98kuwOzMIdAizXGI86UFBoo26CL21UM763y1h/GMSJ4/OHU9k2YlsmBpyScFo/wbLzWQJBMCW4+IO3/+OQ==

encodeurl@^2.0.0, encodeurl@~2.0.0:
  version "2.0.0"

entities@^2.0.0:
  version "2.2.0"
  resolved "https://registry.npmjs.org/entities/-/entities-2.2.0.tgz"
  integrity sha512-p92if5Nz619I0w+akJrLZH0MX0Pb5DX39XOwQTtXSdQQOaYH03S1uIQp4mhOZtAXrxq4ViO67YTiLBo2638o9A==

entities@^3.0.1:
  version "3.0.1"

entities@^4.4.0:
  version "4.5.0"

entities@^5.0.0:
  version "5.0.0"

errno@^0.1.2:
  version "0.1.8"
  dependencies:
    prr "~1.0.1"

escalade@^3.1.1:
  version "3.1.1"

escape-html@^1.0.3, escape-html@~1.0.3:
  version "1.0.3"

escape-string-regexp@^5.0.0:
  version "5.0.0"

esm-import-transformer@^3.0.2:
  version "3.0.2"
  dependencies:
    acorn "^8.11.2"

esprima@^4.0.0:
  version "4.0.1"

etag@^1.8.1:
  version "1.8.1"

evaluate-value@^2.0.0:
  version "2.0.0"

extend-shallow@^2.0.1:
  version "2.0.1"
  dependencies:
    is-extendable "^0.1.0"

fast-fifo@^1.1.0:
  version "1.3.0"

fast-glob@^3.3.2:
  version "3.3.3"
  dependencies:
    "@nodelib/fs.stat" "^2.0.2"
    "@nodelib/fs.walk" "^1.2.3"
    glob-parent "^5.1.2"
    merge2 "^1.3.0"
    micromatch "^4.0.8"

fastq@^1.6.0:
  version "1.19.1"
  dependencies:
    reusify "^1.0.4"

fecha@^4.2.0:
  version "4.2.3"
  resolved "https://registry.npmjs.org/fecha/-/fecha-4.2.3.tgz"
  integrity sha512-OP2IUU6HeYKJi3i0z4A19kHMQoLVs4Hc+DPqqxI2h/DPZHTm/vjsfC6P0b4jCMy14XizLBqvndQ+UilD7707Jw==

filesize@^10.1.6:
  version "10.1.6"

fill-range@^7.1.1:
  version "7.1.1"
  dependencies:
    to-regex-range "^5.0.1"

finalhandler@^1.3.1:
  version "1.3.1"
  dependencies:
    debug "2.6.9"
    encodeurl "~2.0.0"
    escape-html "~1.0.3"
    on-finished "2.4.1"
    parseurl "~1.3.3"
    statuses "2.0.1"
    unpipe "~1.0.0"

fn.name@1.x.x:
  version "1.1.0"
  resolved "https://registry.npmjs.org/fn.name/-/fn.name-1.1.0.tgz"
  integrity sha512-GRnmB5gPyJpAhTQdSZTSp9uaPSvl09KoYcMQtsB9rQoOmzs9dH6ffeccH+Z+cv6P68Hu5bC6JjRh4Ah/mHSNRw==

foreground-child@^3.1.0:
  version "3.1.1"
  dependencies:
    cross-spawn "^7.0.0"
    signal-exit "^4.0.1"

fresh@^0.5.2:
  version "0.5.2"

fs.realpath@^1.0.0:
  version "1.0.0"
  resolved "https://registry.npmjs.org/fs.realpath/-/fs.realpath-1.0.0.tgz"
  integrity sha512-OO0pH2lK6a0hZnAdau5ItzHPI6pUlvI7jMVnxUQRtw4owF2wk8lOSabtGDCTP4Ggrg2MbGnWO9X8K1t4+fGMDw==

get-caller-file@^2.0.5:
  version "2.0.5"
  resolved "https://registry.npmjs.org/get-caller-file/-/get-caller-file-2.0.5.tgz"
  integrity sha512-DyFP3BM/3YHTQOCUL/w0OZHR0lpKeGrxotcHWcqNEdnltqFwXVfhEBQ94eIo34AfQpo0rGki4cyIiftY06h2Fg==

glob-parent@^5.1.2, glob-parent@~5.1.2:
  version "5.1.2"
  dependencies:
    is-glob "^4.0.1"

glob@^10.3.3:
  version "10.3.3"
  dependencies:
    foreground-child "^3.1.0"
    jackspeak "^2.0.3"
    minimatch "^9.0.1"
    minipass "^5.0.0 || ^6.0.2 || ^7.0.0"
    path-scurry "^1.10.1"

glob@^10.3.7:
  version "10.4.5"
  dependencies:
    foreground-child "^3.1.0"
    jackspeak "^3.1.2"
    minimatch "^9.0.4"
    minipass "^7.1.2"
    package-json-from-dist "^1.0.0"
    path-scurry "^1.11.1"

glob@^7.2.3:
  version "7.2.3"
  resolved "https://registry.npmjs.org/glob/-/glob-7.2.3.tgz"
  integrity sha512-nFR0zLpU2YCaRxwoCJvL6UvCH2JFyFVIvwTLsIf21AuHlMskA1hhTdk+LlYJtOlYt9v6dvszD2BGRqBL+iQK9Q==
  dependencies:
    fs.realpath "^1.0.0"
    inflight "^1.0.4"
    inherits "2"
    minimatch "^3.1.1"
    once "^1.3.0"
    path-is-absolute "^1.0.0"

graceful-fs@^4.2.11:
  version "4.2.11"

gray-matter@^4.0.3:
  version "4.0.3"
  dependencies:
    js-yaml "^3.13.1"
    kind-of "^6.0.2"
    section-matter "^1.0.0"
    strip-bom-string "^1.0.0"

htmlparser2@^7.1.1:
  version "7.2.0"
  dependencies:
    domelementtype "^2.0.1"
    domhandler "^4.2.2"
    domutils "^2.8.0"
    entities "^3.0.1"

http-equiv-refresh@^2.0.1:
  version "2.0.1"

http-errors@^2.0.0:
  version "2.0.0"
  dependencies:
    depd "2.0.0"
    inherits "2.0.4"
    setprototypeof "1.2.0"
    statuses "2.0.1"
    toidentifier "1.0.1"

inflight@^1.0.4:
  version "1.0.6"
  resolved "https://registry.npmjs.org/inflight/-/inflight-1.0.6.tgz"
  integrity sha512-k92I/b08q4wvFscXCLvqfsHCrjrF7yiXsQuIVvVE7N82W3+aqpzuUdBbfhWcy/FZR3/4IgflMgKLOsvPDrGCJA==
  dependencies:
    once "^1.3.0"
    wrappy "1"

inherits@^2.0.1, inherits@^2.0.3, inherits@~2.0.3, inherits@2, inherits@2.0.4:
  version "2.0.4"
  resolved "https://registry.npmjs.org/inherits/-/inherits-2.0.4.tgz"
  integrity sha512-k/vGaX4/Yla3WzyMCvTQOXYeIHvqOKtnqBduzTHpzpQZzAskKMhZ2K+EnBiSM9zGSoIFeMpXKxa4dYeZIQqewQ==

is-alphabetical@^2.0.0:
  version "2.0.1"

is-alphanumerical@^2.0.0:
  version "2.0.1"
  dependencies:
    is-alphabetical "^2.0.0"
    is-decimal "^2.0.0"

is-arrayish@^0.3.1:
  version "0.3.2"
  resolved "https://registry.npmjs.org/is-arrayish/-/is-arrayish-0.3.2.tgz"
  integrity sha512-eVRqCvVlZbuw3GrM63ovNSNAeA1K16kaR/LRY/92w0zxQ5/1YzwblUX652i4Xs9RwAGjW9d9y6X88t8OaAJfWQ==

is-binary-path@~2.1.0:
  version "2.1.0"
  dependencies:
    binary-extensions "^2.0.0"

is-decimal@^2.0.0:
  version "2.0.1"

is-extendable@^0.1.0:
  version "0.1.1"

is-extglob@^2.1.1:
  version "2.1.1"

is-fullwidth-code-point@^3.0.0:
  version "3.0.0"
  resolved "https://registry.npmjs.org/is-fullwidth-code-point/-/is-fullwidth-code-point-3.0.0.tgz"
  integrity sha512-zymm5+u+sCsSWyD9qNaejV3DFvhCKclKdizYaJUuHA83RLjb7nSuGnddCHGv0hk+KY7BMAlsWeK4Ueg6EV6XQg==

is-glob@^4.0.1, is-glob@^4.0.3, is-glob@~4.0.1:
  version "4.0.3"
  dependencies:
    is-extglob "^2.1.1"

is-json@^2.0.1:
  version "2.0.1"

is-number@^7.0.0:
  version "7.0.0"

is-stream@^2.0.0:
  version "2.0.1"
  resolved "https://registry.npmjs.org/is-stream/-/is-stream-2.0.1.tgz"
  integrity sha512-hFoiJiTl63nn+kstHGBtewWSKnQLpyb155KHheA1l39uvtO9nWIop1p3udqPcUd/xbF1VLMO4n7OI6p7RbngDg==

isarray@~1.0.0:
  version "1.0.0"
  resolved "https://registry.npmjs.org/isarray/-/isarray-1.0.0.tgz"
  integrity sha512-VLghIWNM6ELQzo7zwmcg0NmTVyWKYjvIeM83yjp0wRDTmUnrM678fQbcKBo6n2CJEF0szoG//ytg+TKla89ALQ==

isexe@^2.0.0:
  version "2.0.0"
  resolved "https://registry.npmjs.org/isexe/-/isexe-2.0.0.tgz"
  integrity sha512-RHxMLp9lnKHGHRng9QFhRCMbYAcVpn69smSGcq3f36xjgVVWThj4qqLbTLlq7Ssj8B+fIQ1EuCEGI2lKsyQeIw==

iso-639-1@^3.1.3:
  version "3.1.5"

jackspeak@^2.0.3:
  version "2.2.3"
  dependencies:
    "@isaacs/cliui" "^8.0.2"
  optionalDependencies:
    "@pkgjs/parseargs" "^0.11.0"

jackspeak@^3.1.2:
  version "3.4.3"
  resolved "https://registry.npmjs.org/jackspeak/-/jackspeak-3.4.3.tgz"
  integrity sha512-OGlZQpz2yfahA/Rd1Y8Cd9SIEsqvXkLVoSw/cgwhnhFMDbsQFeZYoJJ7bIZBS9BcamUW96asq/npPWugM+RQBw==
  dependencies:
    "@isaacs/cliui" "^8.0.2"
  optionalDependencies:
    "@pkgjs/parseargs" "^0.11.0"

js-yaml@^3.13.1:
  version "3.14.1"
  dependencies:
    argparse "^1.0.7"
    esprima "^4.0.0"

js-yaml@^4.1.0:
  version "4.1.0"
  resolved "https://registry.npmjs.org/js-yaml/-/js-yaml-4.1.0.tgz"
  integrity sha512-wpxZs9NoxZaJESJGIZTyDEaYpl0FKSA+FB9aJiyemKhMwkxQg63h4T1KJgUGHpTqPDNRcmmYLugrRjJlBtWvRA==
  dependencies:
    argparse "^2.0.1"

junk@^1.0.1:
  version "1.0.3"

kind-of@^6.0.0, kind-of@^6.0.2:
  version "6.0.3"

kleur@^4.1.5:
  version "4.1.5"

kuler@^2.0.0:
  version "2.0.0"
  resolved "https://registry.npmjs.org/kuler/-/kuler-2.0.0.tgz"
  integrity sha512-Xq9nH7KlWZmXAtodXDDRE7vs6DU1gTU8zYDHDiWLSip45Egwq3plLHzPn27NgvzL2r1LMPC1vdqh98sQxtqj4A==

linkify-it@^5.0.0:
  version "5.0.0"
  dependencies:
    uc.micro "^2.0.0"

liquidjs@^10.17.0:
  version "10.21.0"
  dependencies:
    commander "^10.0.0"

list-to-array@^1.1.0:
  version "1.1.0"

lodash.escape@^4.0.1:
  version "4.0.1"
  resolved "https://registry.npmjs.org/lodash.escape/-/lodash.escape-4.0.1.tgz"
  integrity sha512-nXEOnb/jK9g0DYMr1/Xvq6l5xMD7GDG55+GSYIYmS0G4tBk/hURD4JR9WCavs04t33WmJx9kCyp9vJ+mr4BOUw==

lodash.merge@^4.6.2:
  version "4.6.2"
  resolved "https://registry.npmjs.org/lodash.merge/-/lodash.merge-4.6.2.tgz"
  integrity sha512-0KpjqXRVvrYyCsX1swR/XTK0va6VQkQM6MNo7PqW77ByjAhoARA8EfrP1N4+KlKj8YS0ZUCtRT/YUuhyYDujIQ==

lodash@^4.17.21:
  version "4.17.21"
  resolved "https://registry.npmjs.org/lodash/-/lodash-4.17.21.tgz"
  integrity sha512-v2kDEe57lecTulaDIuNTPy3Ry4gLGJ6Z1O3vE1krgXZNrsQ+LFTGHVxVjcXPs17LhbZVGedAJv8XZ1tvj5FvSg==

logform@^2.7.0:
  version "2.7.0"
  resolved "https://registry.npmjs.org/logform/-/logform-2.7.0.tgz"
  integrity sha512-TFYA4jnP7PVbmlBIfhlSe+WKxs9dklXMTEGcBCIvLhE/Tn3H6Gk1norupVW7m5Cnd4bLcr08AytbyV/xj7f/kQ==
  dependencies:
    "@colors/colors" "1.6.0"
    "@types/triple-beam" "^1.3.2"
    fecha "^4.2.0"
    ms "^2.1.1"
    safe-stable-stringify "^2.3.1"
    triple-beam "^1.3.0"

lru-cache@^10.2.0:
  version "10.4.3"
  resolved "https://registry.npmjs.org/lru-cache/-/lru-cache-10.4.3.tgz"
  integrity sha512-JNAzZcXrCt42VGLuYz0zfAzDfAvJWW6AfYlDBQyDV5DClI2m5sAmK+OIO7s59XfsRsWHp02jAJrRadPRGTt6SQ==

luxon@^3.5.0:
  version "3.5.0"

markdown-it@^14.1.0:
  version "14.1.0"
  dependencies:
    argparse "^2.0.1"
    entities "^4.4.0"
    linkify-it "^5.0.0"
    mdurl "^2.0.0"
    punycode.js "^2.3.1"
    uc.micro "^2.1.0"

maximatch@^0.1.0:
  version "0.1.0"
  dependencies:
    array-differ "^1.0.0"
    array-union "^1.0.1"
    arrify "^1.0.0"
    minimatch "^3.0.0"

mdn-data@2.0.14:
  version "2.0.14"
  resolved "https://registry.npmjs.org/mdn-data/-/mdn-data-2.0.14.tgz"
  integrity sha512-dn6wd0uw5GsdswPFfsgMp5NSB0/aDe6fK94YJV/AJDYXL6HVLWBsxeq7js7Ad+mU2K9LAlwpk6kN2D5mwCPVow==

mdurl@^2.0.0:
  version "2.0.0"

merge2@^1.3.0:
  version "1.4.1"

micromatch@^4.0.8:
  version "4.0.8"
  dependencies:
    braces "^3.0.3"
    picomatch "^2.3.1"

mime-db@1.52.0:
  version "1.52.0"

mime-types@^2.1.35:
  version "2.1.35"
  dependencies:
    mime-db "1.52.0"

mime@^3.0.0:
  version "3.0.0"

minimatch@^3.0.0:
  version "3.1.2"
  dependencies:
    brace-expansion "^1.1.7"

minimatch@^3.1.1:
  version "3.1.2"
  resolved "https://registry.npmjs.org/minimatch/-/minimatch-3.1.2.tgz"
  integrity sha512-J7p63hRiAjw1NDEww1W7i37+ByIrOWO5XQQAzZ3VOcL0PNybwpfmV/N05zFAzwQ9USyEcX6t3UO+K5aqBQOIHw==
  dependencies:
    brace-expansion "^1.1.7"

minimatch@^9.0.1:
  version "9.0.3"
  dependencies:
    brace-expansion "^2.0.1"

minimatch@^9.0.4:
  version "9.0.5"
  resolved "https://registry.npmjs.org/minimatch/-/minimatch-9.0.5.tgz"
  integrity sha512-G6T0ZX48xgozx7587koeX9Ys2NYy6Gmv//P89sEte9V9whIapMNF4idKxnW2QtCcLiTWlb/wfCabAtAFWhhBow==
  dependencies:
    brace-expansion "^2.0.1"

minimist@^1.2.8:
  version "1.2.8"

"minipass@^5.0.0 || ^6.0.2 || ^7.0.0", minipass@^7.0.3, minipass@^7.1.2:
  version "7.1.2"
  resolved "https://registry.npmjs.org/minipass/-/minipass-7.1.2.tgz"
  integrity sha512-qOOzS1cBTWYF4BH8fVePDBOO9iptMnGUEZwNc/cMWnTV2nVLZ7VoNWEPHkYczZA0pdoA7dl6e7FL659nX9S2aw==

mkdirp@^3.0.1:
  version "3.0.1"

moo@^0.5.2:
  version "0.5.2"

morphdom@^2.7.4:
  version "2.7.4"

ms@^2.1.1, ms@^2.1.3:
  version "2.1.3"
  resolved "https://registry.npmjs.org/ms/-/ms-2.1.3.tgz"
  integrity sha512-6FlzubTLZG3J2a/NVCAleEhjzq5oxgHyaCU9yYXvcLsvoVaHJq/s5xXI6/XXP6tz7R9xAOtHnSO/tXtF3WRTlA==

ms@2.0.0:
  version "2.0.0"

mustache@^4.2.0:
  version "4.2.0"
  resolved "https://registry.npmjs.org/mustache/-/mustache-4.2.0.tgz"
  integrity sha512-71ippSywq5Yb7/tVYyGbkBggbU8H3u5Rz56fH60jGFgr8uHwxs+aSKeqmluIVzM0m0kB7xQjKS6qPfd0b2ZoqQ==

node-retrieve-globals@^6.0.0:
  version "6.0.0"
  dependencies:
    acorn "^8.1.3"
    acorn-walk "^8.3.2"
    esm-import-transformer "^3.0.2"

normalize-path@^3.0.0, normalize-path@~3.0.0:
  version "3.0.0"

nth-check@^2.0.1:
  version "2.1.1"
  resolved "https://registry.npmjs.org/nth-check/-/nth-check-2.1.1.tgz"
  integrity sha512-lqjrjmaOoAnWfMmBPL+XNnynZh2+swxiX3WUE0s4yEHI6m+AwrK2UZOimIRl3X/4QctVqS8AiZjFqyOGrMXb/w==
  dependencies:
    boolbase "^1.0.0"

nunjucks@^3.2.4:
  version "3.2.4"
  dependencies:
    a-sync-waterfall "^1.0.0"
    asap "^2.0.3"
    commander "^5.1.0"

on-finished@^2.4.1, on-finished@2.4.1:
  version "2.4.1"
  dependencies:
    ee-first "1.1.1"

once@^1.3.0:
  version "1.4.0"
  resolved "https://registry.npmjs.org/once/-/once-1.4.0.tgz"
  integrity sha512-lNaJgI+2Q5URQBkccEKHTQOPaXdUxnZZElQTZY0MFUAuaEqe1E+Nyvgdz/aIyNi6Z9MzO5dv1H8n58/GELp3+w==
  dependencies:
    wrappy "1"

one-time@^1.0.0:
  version "1.0.0"
  resolved "https://registry.npmjs.org/one-time/-/one-time-1.0.0.tgz"
  integrity sha512-5DXOiRKwuSEcQ/l0kGCF6Q3jcADFv5tSmRaJck/OqkVFcOzutB134KRSfF0xDrL39MNnqxbHBbUUcjZIhTgb2g==
  dependencies:
    fn.name "1.x.x"

package-json-from-dist@^1.0.0:
  version "1.0.1"
  resolved "https://registry.npmjs.org/package-json-from-dist/-/package-json-from-dist-1.0.1.tgz"
  integrity sha512-UEZIS3/by4OC8vL3P2dTXRETpebLI2NiI5vIrjaD/5UtrkFX/tNbwjTSRAGC/+7CAo2pIcBaRgWmcBBHcsaCIw==

parse-srcset@^1.0.2:
  version "1.0.2"

parseurl@~1.3.3:
  version "1.3.3"

path-is-absolute@^1.0.0:
  version "1.0.1"
  resolved "https://registry.npmjs.org/path-is-absolute/-/path-is-absolute-1.0.1.tgz"
  integrity sha512-AVbw3UJ2e9bq64vSaS9Am0fje1Pa8pbGqTTsmXfaIiMpnr5DlDhfJOuLj9Sf95ZPVDAUerDfEk88MPmPe7UCQg==

path-key@^3.1.0:
  version "3.1.1"
  resolved "https://registry.npmjs.org/path-key/-/path-key-3.1.1.tgz"
  integrity sha512-ojmeN0qd+y0jszEtoY48r0Peq5dwMEkIlCOu6Q5f41lfkswXuKtYrhgoTpLnyIcHm24Uhqx+5Tqm2InSwLhE6Q==

path-scurry@^1.10.1, path-scurry@^1.11.1:
  version "1.11.1"
  resolved "https://registry.npmjs.org/path-scurry/-/path-scurry-1.11.1.tgz"
  integrity sha512-Xa4Nw17FS9ApQFJ9umLiJS4orGjm7ZzwUrwamcGQuHSzDyth9boKDaycYdDcZDuqYATXw4HFXgaqWTctW/v1HA==
  dependencies:
    lru-cache "^10.2.0"
    minipass "^5.0.0 || ^6.0.2 || ^7.0.0"

picocolors@^1.0.0:
  version "1.0.0"

picomatch@^2.0.4, picomatch@^2.2.1, picomatch@^2.3.1:
  version "2.3.1"

pify@^2.3.0:
  version "2.3.0"

please-upgrade-node@^3.2.0:
  version "3.2.0"
  dependencies:
    semver-compare "^1.0.0"

posthtml-match-helper@^2.0.2, posthtml-match-helper@^2.0.3:
  version "2.0.3"

posthtml-parser@^0.11.0:
  version "0.11.0"
  dependencies:
    htmlparser2 "^7.1.1"

posthtml-render@^3.0.0:
  version "3.0.0"
  dependencies:
    is-json "^2.0.1"

posthtml@^0.16.6:
  version "0.16.6"
  dependencies:
    posthtml-parser "^0.11.0"
    posthtml-render "^3.0.0"

prettysize@^2.0.0:
  version "2.0.0"
  resolved "https://registry.npmjs.org/prettysize/-/prettysize-2.0.0.tgz"
  integrity sha512-VVtxR7sOh0VsG8o06Ttq5TrI1aiZKmC+ClSn4eBPaNf4SHr5lzbYW+kYGX3HocBL/MfpVrRfFZ9V3vCbLaiplg==

process-nextick-args@^2.0.0, process-nextick-args@~2.0.0:
  version "2.0.1"
  resolved "https://registry.npmjs.org/process-nextick-args/-/process-nextick-args-2.0.1.tgz"
  integrity sha512-3ouUOpQhtgrbOa17J7+uxOTpITYWaGP7/AhoR3+A+/1e9skrzelGi/dXzEYyvbxubEF6Wn2ypscTKiKJFFn1ag==

promise@^7.0.1:
  version "7.3.1"
  dependencies:
    asap "~2.0.3"

prr@~1.0.1:
  version "1.0.1"

punycode.js@^2.3.1:
  version "2.3.1"

queue-microtask@^1.2.2:
  version "1.2.3"

queue-tick@^1.0.1:
  version "1.0.1"

range-parser@^1.2.1:
  version "1.2.1"

readable-stream@^2.3.5:
  version "2.3.7"
  dependencies:
    core-util-is "~1.0.0"
    inherits "~2.0.3"
    isarray "~1.0.0"
    process-nextick-args "~2.0.0"
    safe-buffer "~5.1.1"
    string_decoder "~1.1.1"
    util-deprecate "~1.0.1"

readable-stream@^3.4.0, readable-stream@^3.6.2:
  version "3.6.2"
  resolved "https://registry.npmjs.org/readable-stream/-/readable-stream-3.6.2.tgz"
  integrity sha512-9u/sniCrY3D5WdsERHzHE4G2YCXqoG5FTHUiCC4SIbr6XcLZBY05ya9EKjYek9O5xOAwjGq+1JdGBAS7Q9ScoA==
  dependencies:
    inherits "^2.0.3"
    string_decoder "^1.1.1"
    util-deprecate "^1.0.1"

readdirp@~3.6.0:
  version "3.6.0"
  dependencies:
    picomatch "^2.2.1"

remove-trailing-separator@^1.0.1, remove-trailing-separator@^1.1.0:
  version "1.1.0"
  resolved "https://registry.npmjs.org/remove-trailing-separator/-/remove-trailing-separator-1.1.0.tgz"
  integrity sha512-/hS+Y0u3aOfIETiaiirUFwDBDzmXPvO+jAfKTitUngIPzdKc6Z0LoFjM/CK5PL4C+eKwHohlHAb6H0VFfmmUsw==

replace-ext@^1.0.0:
  version "1.0.1"
  resolved "https://registry.npmjs.org/replace-ext/-/replace-ext-1.0.1.tgz"
  integrity sha512-yD5BHCe7quCgBph4rMQ+0KkIRKwWCrHDOX1p1Gp6HwjPM5kVoCdKGNhN7ydqqsX6lJEnQDKZ/tFMiEdQ1dvPEw==

replace-ext@^2.0.0:
  version "2.0.0"
  resolved "https://registry.npmjs.org/replace-ext/-/replace-ext-2.0.0.tgz"
  integrity sha512-UszKE5KVK6JvyD92nzMn9cDapSk6w/CaFZ96CnmDMUqH9oowfxF/ZjRITD25H4DnOQClLA4/j7jLGXXLVKxAug==

require-directory@^2.1.1:
  version "2.1.1"
  resolved "https://registry.npmjs.org/require-directory/-/require-directory-2.1.1.tgz"
  integrity sha512-fGxEI7+wsG9xrvdjsrlmL22OMTTiHRwAMroiEeMgq8gzoLC/PQr7RsRDSTLUg/bZAZtF+TVIkHc6/4RIKrui+Q==

reusify@^1.0.4:
  version "1.1.0"

rimraf@^5.0.7:
  version "5.0.10"
  dependencies:
    glob "^10.3.7"

run-parallel@^1.1.9:
  version "1.2.0"
  dependencies:
    queue-microtask "^1.2.2"

safe-buffer@~5.1.0, safe-buffer@~5.1.1:
  version "5.1.2"
  resolved "https://registry.npmjs.org/safe-buffer/-/safe-buffer-5.1.2.tgz"
  integrity sha512-Gd2UZBJDkXlY7GbJxfsE8/nvKkUEU1G38c1siN6QP6a9PT9MmHB8GnpscSmMJSoF8LOIrt8ud/wPtojys4G6+g==

safe-buffer@~5.2.0:
  version "5.2.1"
  resolved "https://registry.npmjs.org/safe-buffer/-/safe-buffer-5.2.1.tgz"
  integrity sha512-rp3So07KcdmmKbGvgaNxQSJr7bGVSVk5S9Eq1F+ppbRo70+YeaDxkw5Dd8NPN+GD6bjnYm2VuPuCXmpuYvmCXQ==

safe-stable-stringify@^2.3.1:
  version "2.4.1"

section-matter@^1.0.0:
  version "1.0.0"
  dependencies:
    extend-shallow "^2.0.1"
    kind-of "^6.0.0"

semver-compare@^1.0.0:
  version "1.0.0"

semver@^7.6.3:
  version "7.7.1"

send@^1.1.0:
  version "1.1.0"
  dependencies:
    debug "^4.3.5"
    destroy "^1.2.0"
    encodeurl "^2.0.0"
    escape-html "^1.0.3"
    etag "^1.8.1"
    fresh "^0.5.2"
    http-errors "^2.0.0"
    mime-types "^2.1.35"
    ms "^2.1.3"
    on-finished "^2.4.1"
    range-parser "^1.2.1"
    statuses "^2.0.1"

setprototypeof@1.2.0:
  version "1.2.0"

shebang-command@^2.0.0:
  version "2.0.0"
  resolved "https://registry.npmjs.org/shebang-command/-/shebang-command-2.0.0.tgz"
  integrity sha512-kHxr2zZpYtdmrN1qDjrrX/Z1rR1kG8Dx+gkpK1G4eXmvXswmcE1hTWBWYUzlraYw1/yZp6YuDY77YtvbN0dmDA==
  dependencies:
    shebang-regex "^3.0.0"

shebang-regex@^3.0.0:
  version "3.0.0"
  resolved "https://registry.npmjs.org/shebang-regex/-/shebang-regex-3.0.0.tgz"
  integrity sha512-7++dFhtcx3353uBaq8DDR4NuxBetBzC7ZQOhmTQInHEd6bSrXdiEyzCvG07Z44UYdLShWUyXt5M/yhz8ekcb1A==

signal-exit@^4.0.1:
  version "4.1.0"
  resolved "https://registry.npmjs.org/signal-exit/-/signal-exit-4.1.0.tgz"
  integrity sha512-bzyZ1e88w9O1iNJbKnOlvYTrWPDl46O1bG0D3XInv+9tkPrxrN8jUUTiFlDkkmKWgn1M6CfIA13SuGqOa9Korw==

simple-swizzle@^0.2.2:
  version "0.2.2"
  resolved "https://registry.npmjs.org/simple-swizzle/-/simple-swizzle-0.2.2.tgz"
  integrity sha512-JA//kQgZtbuY83m+xT+tXJkmJncGMTFT+C+g2h2R9uxkYIrE2yy9sgmcLhCnw57/WSD+Eh3J97FPEDFnbXnDUg==
  dependencies:
    is-arrayish "^0.3.1"

slash@^1.0.0:
  version "1.0.0"

slugify@^1.6.6:
  version "1.6.6"

source-map@^0.6.1:
  version "0.6.1"
  resolved "https://registry.npmjs.org/source-map/-/source-map-0.6.1.tgz"
  integrity sha512-UjgapumWlbMhkBgzT7Ykc5YXUT46F0iKu8SGXq0bcwP5dz/h0Plj6enJqjz1Zbq2l5WaqYnrVbwWOWMyF3F47g==

sprintf-js@~1.0.2:
  version "1.0.3"

ssri@^11.0.0:
  version "11.0.0"
  dependencies:
    minipass "^7.0.3"

stable@^0.1.8:
  version "0.1.8"
  resolved "https://registry.npmjs.org/stable/-/stable-0.1.8.tgz"
  integrity sha512-ji9qxRnOVfcuLDySj9qzhGSEFVobyt1kIOSkj1qZzYLzq7Tos/oUUWvotUPQLlrsidqsK6tBH89Bc9kL5zHA6w==

stack-trace@0.0.x:
  version "0.0.10"
  resolved "https://registry.npmjs.org/stack-trace/-/stack-trace-0.0.10.tgz"
  integrity sha512-KGzahc7puUKkzyMt+IqAep+TVNbKP+k2Lmwhub39m1AsTSkaDutx56aDCo+HLDzf/D26BIHTJWNiTG1KAJiQCg==

statuses@^2.0.1, statuses@2.0.1:
  version "2.0.1"

streamx@^2.12.5:
  version "2.15.1"
  dependencies:
    fast-fifo "^1.1.0"
    queue-tick "^1.0.1"

string_decoder@^1.1.1:
  version "1.3.0"
  resolved "https://registry.npmjs.org/string_decoder/-/string_decoder-1.3.0.tgz"
  integrity sha512-hkRX8U1WjJFd8LsDJ2yQ/wWWxaopEsABU1XfkM8A+j0+85JAGppt16cr1Whg6KIbb4okU6Mql6BOj+uup/wKeA==
  dependencies:
    safe-buffer "~5.2.0"

string_decoder@~1.1.1:
  version "1.1.1"
  resolved "https://registry.npmjs.org/string_decoder/-/string_decoder-1.1.1.tgz"
  integrity sha512-n/ShnvDi6FHbbVfviro+WojiFzv+s8MPMHBczVePfUpDJLwoLT0ht1l4YwBCbi8pJAveEEdnkHyPyTP/mzRfwg==
  dependencies:
    safe-buffer "~5.1.0"

"string-width-cjs@npm:string-width@^4.2.0":
  version "4.2.3"
  resolved "https://registry.npmjs.org/string-width/-/string-width-4.2.3.tgz"
  integrity sha512-wKyQRQpjJ0sIp62ErSZdGsjMJWsap5oRNihHhu6G7JVO/9jIB6UyevL+tXuOqrng8j/cxKTWyWUwvSTriiZz/g==
  dependencies:
    emoji-regex "^8.0.0"
    is-fullwidth-code-point "^3.0.0"
    strip-ansi "^6.0.1"

string-width@^4.1.0, string-width@^4.2.0:
  version "4.2.3"
  resolved "https://registry.npmjs.org/string-width/-/string-width-4.2.3.tgz"
  integrity sha512-wKyQRQpjJ0sIp62ErSZdGsjMJWsap5oRNihHhu6G7JVO/9jIB6UyevL+tXuOqrng8j/cxKTWyWUwvSTriiZz/g==
  dependencies:
    emoji-regex "^8.0.0"
    is-fullwidth-code-point "^3.0.0"
    strip-ansi "^6.0.1"

string-width@^4.2.3:
  version "4.2.3"
  resolved "https://registry.npmjs.org/string-width/-/string-width-4.2.3.tgz"
  integrity sha512-wKyQRQpjJ0sIp62ErSZdGsjMJWsap5oRNihHhu6G7JVO/9jIB6UyevL+tXuOqrng8j/cxKTWyWUwvSTriiZz/g==
  dependencies:
    emoji-regex "^8.0.0"
    is-fullwidth-code-point "^3.0.0"
    strip-ansi "^6.0.1"

string-width@^5.0.1, string-width@^5.1.2:
  version "5.1.2"
  resolved "https://registry.npmjs.org/string-width/-/string-width-5.1.2.tgz"
  integrity sha512-HnLOCR3vjcY8beoNLtcjZ5/nxn2afmME6lhrDrebokqMap+XbeW8n9TXpPDOqdGK5qcI3oT0GKTW6wC7EMiVqA==
  dependencies:
    eastasianwidth "^0.2.0"
    emoji-regex "^9.2.2"
    strip-ansi "^7.0.1"

"strip-ansi-cjs@npm:strip-ansi@^6.0.1":
  version "6.0.1"
  resolved "https://registry.npmjs.org/strip-ansi/-/strip-ansi-6.0.1.tgz"
  integrity sha512-Y38VPSHcqkFrCpFnQ9vuSXmquuv5oXOKpGeT6aGrr3o3Gc9AlVa6JBfUSOCnbxGGZF+/0ooI7KrPuUSztUdU5A==
  dependencies:
    ansi-regex "^5.0.1"

strip-ansi@^6.0.0, strip-ansi@^6.0.1:
  version "6.0.1"
  resolved "https://registry.npmjs.org/strip-ansi/-/strip-ansi-6.0.1.tgz"
  integrity sha512-Y38VPSHcqkFrCpFnQ9vuSXmquuv5oXOKpGeT6aGrr3o3Gc9AlVa6JBfUSOCnbxGGZF+/0ooI7KrPuUSztUdU5A==
  dependencies:
    ansi-regex "^5.0.1"

strip-ansi@^7.0.1:
  version "7.1.0"
  resolved "https://registry.npmjs.org/strip-ansi/-/strip-ansi-7.1.0.tgz"
  integrity sha512-iq6eVVI64nQQTRYq2KtEg2d2uU7LElhTJwsH4YzIHZshxlgZms/wIc4VoDQTlG/IvVIrBKG06CrZnp0qv7hkcQ==
  dependencies:
    ansi-regex "^6.0.1"

strip-bom-string@^1.0.0:
  version "1.0.0"

svg-sprite@2.0.4:
  version "2.0.4"
  resolved "https://registry.npmjs.org/svg-sprite/-/svg-sprite-2.0.4.tgz"
  integrity sha512-kjDoATgr4k6tdtfQczpkbuFW6RE7tPUPe/rbRd1n2NV92kdwaXEZMIxJqAZfMGOMfU/Kp1u89SUYsfHCbAvVHg==
  dependencies:
    "@resvg/resvg-js" "^2.6.0"
    "@xmldom/xmldom" "^0.8.10"
    async "^3.2.5"
    css-selector-parser "^1.4.1"
    csso "^4.2.0"
    cssom "^0.5.0"
    glob "^7.2.3"
    js-yaml "^4.1.0"
    lodash.escape "^4.0.1"
    lodash.merge "^4.6.2"
    mustache "^4.2.0"
    prettysize "^2.0.0"
    svgo "^2.8.0"
    vinyl "^2.2.1"
    winston "^3.11.0"
    xpath "^0.0.34"
    yargs "^17.7.2"

svgo@^2.8.0:
  version "2.8.0"
  resolved "https://registry.npmjs.org/svgo/-/svgo-2.8.0.tgz"
  integrity sha512-+N/Q9kV1+F+UeWYoSiULYo4xYSDQlTgb+ayMobAXPwMnLvop7oxKMo9OzIrX5x3eS4L4f2UHhc9axXwY8DpChg==
  dependencies:
    "@trysound/sax" "0.2.0"
    commander "^7.2.0"
    css-select "^4.1.3"
    css-tree "^1.1.3"
    csso "^4.2.0"
    picocolors "^1.0.0"
    stable "^0.1.8"

teex@^1.0.1:
  version "1.0.1"
  resolved "https://registry.npmjs.org/teex/-/teex-1.0.1.tgz"
  integrity sha512-eYE6iEI62Ni1H8oIa7KlDU6uQBtqr4Eajni3wX7rpfXD8ysFx8z0+dri+KWEPWpBsxXfxu58x/0jvTVT1ekOSg==
  dependencies:
    streamx "^2.12.5"

text-hex@1.0.x:
  version "1.0.0"
  resolved "https://registry.npmjs.org/text-hex/-/text-hex-1.0.0.tgz"
  integrity sha512-uuVGNWzgJ4yhRaNSiubPY7OjISw4sw4E5Uv0wbjp+OzcbmVU/rsT8ujgcXJhn9ypzsgr5vlzpPqP+MBBKcGvbg==

to-regex-range@^5.0.1:
  version "5.0.1"
  dependencies:
    is-number "^7.0.0"

toidentifier@1.0.1:
  version "1.0.1"

triple-beam@^1.3.0:
  version "1.3.0"

uc.micro@^2.0.0, uc.micro@^2.1.0:
  version "2.1.0"

unpipe@~1.0.0:
  version "1.0.0"

urlpattern-polyfill@^10.0.0:
  version "10.0.0"

util-deprecate@^1.0.1, util-deprecate@~1.0.1:
  version "1.0.2"
  resolved "https://registry.npmjs.org/util-deprecate/-/util-deprecate-1.0.2.tgz"
  integrity sha512-EPD5q1uXyFxJpCrLnCc1nHnq3gOa6DZBocAIiI2TaSCA7VCJ1UJDMagCzIkXNsUYfD1daK//LTEQ8xiIbrHtcw==

vinyl@^2.2.1:
  version "2.2.1"
  resolved "https://registry.npmjs.org/vinyl/-/vinyl-2.2.1.tgz"
  integrity sha512-LII3bXRFBZLlezoG5FfZVcXflZgWP/4dCwKtxd5ky9+LOtM4CS3bIRQsmR1KMnMW07jpE8fqR2lcxPZ+8sJIcw==
  dependencies:
    clone "^2.1.1"
    clone-buffer "^1.0.0"
    clone-stats "^1.0.0"
    cloneable-readable "^1.0.0"
    remove-trailing-separator "^1.0.1"
    replace-ext "^1.0.0"

vinyl@^3.0.0:
  version "3.0.0"
  resolved "https://registry.npmjs.org/vinyl/-/vinyl-3.0.0.tgz"
  integrity sha512-rC2VRfAVVCGEgjnxHUnpIVh3AGuk62rP3tqVrn+yab0YH7UULisC085+NYH+mnqf3Wx4SpSi1RQMwudL89N03g==
  dependencies:
    clone "^2.1.2"
    clone-stats "^1.0.0"
    remove-trailing-separator "^1.1.0"
    replace-ext "^2.0.0"
    teex "^1.0.1"

which@^2.0.1:
  version "2.0.2"
  resolved "https://registry.npmjs.org/which/-/which-2.0.2.tgz"
  integrity sha512-BLI3Tl1TW3Pvl70l3yq3Y64i+awpwXqsGBYWkkqMtnbXgrMD+yj7rhW0kuEDxzJaYXGjEW5ogapKNMEKNMjibA==
  dependencies:
    isexe "^2.0.0"

winston-transport@^4.9.0:
  version "4.9.0"
  resolved "https://registry.npmjs.org/winston-transport/-/winston-transport-4.9.0.tgz"
  integrity sha512-8drMJ4rkgaPo1Me4zD/3WLfI/zPdA9o2IipKODunnGDcuqbHwjsbB79ylv04LCGGzU0xQ6vTznOMpQGaLhhm6A==
  dependencies:
    logform "^2.7.0"
    readable-stream "^3.6.2"
    triple-beam "^1.3.0"

winston@^3.11.0:
  version "3.17.0"
  resolved "https://registry.npmjs.org/winston/-/winston-3.17.0.tgz"
  integrity sha512-DLiFIXYC5fMPxaRg832S6F5mJYvePtmO5G9v9IgUFPhXm9/GkXarH/TUrBAVzhTCzAj9anE/+GjrgXp/54nOgw==
  dependencies:
    "@colors/colors" "^1.6.0"
    "@dabh/diagnostics" "^2.0.2"
    async "^3.2.3"
    is-stream "^2.0.0"
    logform "^2.7.0"
    one-time "^1.0.0"
    readable-stream "^3.4.0"
    safe-stable-stringify "^2.3.1"
    stack-trace "0.0.x"
    triple-beam "^1.3.0"
    winston-transport "^4.9.0"

"wrap-ansi-cjs@npm:wrap-ansi@^7.0.0":
  version "7.0.0"
  resolved "https://registry.npmjs.org/wrap-ansi/-/wrap-ansi-7.0.0.tgz"
  integrity sha512-YVGIj2kamLSTxw6NsZjoBxfSwsn0ycdesmc4p+Q21c5zPuZ1pl+NfxVdxPtdHvmNVOQ6XSYG4AUtyt/Fi7D16Q==
  dependencies:
    ansi-styles "^4.0.0"
    string-width "^4.1.0"
    strip-ansi "^6.0.0"

wrap-ansi@^7.0.0:
  version "7.0.0"
  resolved "https://registry.npmjs.org/wrap-ansi/-/wrap-ansi-7.0.0.tgz"
  integrity sha512-YVGIj2kamLSTxw6NsZjoBxfSwsn0ycdesmc4p+Q21c5zPuZ1pl+NfxVdxPtdHvmNVOQ6XSYG4AUtyt/Fi7D16Q==
  dependencies:
    ansi-styles "^4.0.0"
    string-width "^4.1.0"
    strip-ansi "^6.0.0"

wrap-ansi@^8.1.0:
  version "8.1.0"
  resolved "https://registry.npmjs.org/wrap-ansi/-/wrap-ansi-8.1.0.tgz"
  integrity sha512-si7QWI6zUMq56bESFvagtmzMdGOtoxfR+Sez11Mobfc7tm+VkUckk9bW2UeffTGVUbOksxmSw0AA2gs8g71NCQ==
  dependencies:
    ansi-styles "^6.1.0"
    string-width "^5.0.1"
    strip-ansi "^7.0.1"

wrappy@1:
  version "1.0.2"
  resolved "https://registry.npmjs.org/wrappy/-/wrappy-1.0.2.tgz"
  integrity sha512-l4Sp/DRseor9wL6EvV2+TuQn63dMkPjZ/sp9XkghTEbV9KlPS1xUsZ3u7/IQO4wxtcFB4bgpQPRcR3QCvezPcQ==

ws@^8.18.1:
  version "8.18.1"

xpath@^0.0.34:
  version "0.0.34"
  resolved "https://registry.npmjs.org/xpath/-/xpath-0.0.34.tgz"
  integrity sha512-FxF6+rkr1rNSQrhUNYrAFJpRXNzlDoMxeXN5qI84939ylEv3qqPFKa85Oxr6tDaJKqwW6KKyo2v26TSv3k6LeA==

y18n@^5.0.5:
  version "5.0.8"
  resolved "https://registry.npmjs.org/y18n/-/y18n-5.0.8.tgz"
  integrity sha512-0pfFzegeDWJHJIAmTLRP2DwHjdF5s7jo9tuztdQxAhINCdvS+3nGINqPd00AphqJR/0LhANUS6/+7SCb98YOfA==

yargs-parser@^21.1.1:
  version "21.1.1"
  resolved "https://registry.npmjs.org/yargs-parser/-/yargs-parser-21.1.1.tgz"
  integrity sha512-tVpsJW7DdjecAiFpbIB1e3qxIQsE6NoPc5/eTdrbbIC4h0LVsWhnoa3g+m2HclBIujHzsxZ4VJVA+GUuc2/LBw==

yargs@^17.7.2:
  version "17.7.2"
  resolved "https://registry.npmjs.org/yargs/-/yargs-17.7.2.tgz"
  integrity sha512-7dSzzRQ++CKnNI/krKnYRV7JKKPUXMEh61soaHKg9mrWEhzFWhFnxPxGl+69cD1Ou63C13NUPCnmIcrvqCuM6w==
  dependencies:
    cliui "^8.0.1"
    escalade "^3.1.1"
    get-caller-file "^2.0.5"
    require-directory "^2.1.1"
    string-width "^4.2.3"
    y18n "^5.0.5"
    yargs-parser "^21.1.1"
